
Microsoft Visual Studio Solution File, Format Version 12.00
# Visual Studio Version 16
VisualStudioVersion = 16.0.30907.101
MinimumVisualStudioVersion = 10.0.40219.1
Project("{FAE04EC0-301F-11D3-BF4B-00C04F79EFBC}") = "Sorority", "Sorority.csproj", "{FD28B15E-61CC-48C9-B35C-C4676A99454C}"
EndProject
Global
	GlobalSection(SolutionConfigurationPlatforms) = preSolution
		Debug|Any CPU = Debug|Any CPU
		Release|Any CPU = Release|Any CPU
	EndGlobalSection
	GlobalSection(ProjectConfigurationPlatforms) = postSolution
		{FD28B15E-61CC-48C9-B35C-C4676A99454C}.Debug|Any CPU.ActiveCfg = Debug|Any CPU
		{FD28B15E-61CC-48C9-B35C-C4676A99454C}.Debug|Any CPU.Build.0 = Debug|Any CPU
		{FD28B15E-61CC-48C9-B35C-C4676A99454C}.Release|Any CPU.ActiveCfg = Release|Any CPU
		{FD28B15E-61CC-48C9-B35C-C4676A99454C}.Release|Any CPU.Build.0 = Release|Any CPU
	EndGlobalSection
	GlobalSection(SolutionProperties) = preSolution
		HideSolutionNode = FALSE
	EndGlobalSection
	GlobalSection(ExtensibilityGlobals) = postSolution
		SolutionGuid = {70B46256-03E4-4B0F-8F32-B161480781B2}
	EndGlobalSection
EndGlobal
